
Microsoft Visual Studio Solution File, Format Version 12.00
# Visual Studio Version 17
VisualStudioVersion = 17.4.33205.214
MinimumVisualStudioVersion = 10.0.40219.1
Project("{FAE04EC0-301F-11D3-BF4B-00C04F79EFBC}") = "EsportsProfileWebApi.Web", "EsportsProfileWebApi.Web\EsportsProfileWebApi.Web.csproj", "{18998B0B-D108-4FAA-B97A-C340FF7893B2}"
EndProject
Project("{FAE04EC0-301F-11D3-BF4B-00C04F79EFBC}") = "EsportsProfileWebApi.DOMAIN", "EsportsProfileWebApi.DOMAIN\EsportsProfileWebApi.DOMAIN.csproj", "{25D9A712-66B5-410B-871C-234868417C48}"
EndProject
Project("{FAE04EC0-301F-11D3-BF4B-00C04F79EFBC}") = "EsportsProfileWebApi.INFRASTRUCTURE", "EsportsProfileWebApi.INFRASTRUCTURE\EsportsProfileWebApi.INFRASTRUCTURE.csproj", "{20668479-E57F-454A-BA69-656268C3FF65}"
EndProject
Project("{FAE04EC0-301F-11D3-BF4B-00C04F79EFBC}") = "EsportsProfileWebApi.CROSSCUTTING", "EsportsProfileWebApi.CROSSCUTTING\EsportsProfileWebApi.CROSSCUTTING.csproj", "{BD2DEB78-D59C-4230-B7DF-34885FFDA99E}"
EndProject
Project("{FAE04EC0-301F-11D3-BF4B-00C04F79EFBC}") = "EsportsProfileWebApi.TESTS", "EsportsProfileWebApi.TESTS\EsportsProfileWebApi.TESTS.csproj", "{11F1DFE8-3644-4125-8660-208BB433F116}"
EndProject
Global
	GlobalSection(SolutionConfigurationPlatforms) = preSolution
		Debug|Any CPU = Debug|Any CPU
		Release|Any CPU = Release|Any CPU
	EndGlobalSection
	GlobalSection(ProjectConfigurationPlatforms) = postSolution
		{18998B0B-D108-4FAA-B97A-C340FF7893B2}.Debug|Any CPU.ActiveCfg = Debug|Any CPU
		{18998B0B-D108-4FAA-B97A-C340FF7893B2}.Debug|Any CPU.Build.0 = Debug|Any CPU
		{18998B0B-D108-4FAA-B97A-C340FF7893B2}.Release|Any CPU.ActiveCfg = Release|Any CPU
		{18998B0B-D108-4FAA-B97A-C340FF7893B2}.Release|Any CPU.Build.0 = Release|Any CPU
		{25D9A712-66B5-410B-871C-234868417C48}.Debug|Any CPU.ActiveCfg = Debug|Any CPU
		{25D9A712-66B5-410B-871C-234868417C48}.Debug|Any CPU.Build.0 = Debug|Any CPU
		{25D9A712-66B5-410B-871C-234868417C48}.Release|Any CPU.ActiveCfg = Release|Any CPU
		{25D9A712-66B5-410B-871C-234868417C48}.Release|Any CPU.Build.0 = Release|Any CPU
		{20668479-E57F-454A-BA69-656268C3FF65}.Debug|Any CPU.ActiveCfg = Debug|Any CPU
		{20668479-E57F-454A-BA69-656268C3FF65}.Debug|Any CPU.Build.0 = Debug|Any CPU
		{20668479-E57F-454A-BA69-656268C3FF65}.Release|Any CPU.ActiveCfg = Release|Any CPU
		{20668479-E57F-454A-BA69-656268C3FF65}.Release|Any CPU.Build.0 = Release|Any CPU
		{BD2DEB78-D59C-4230-B7DF-34885FFDA99E}.Debug|Any CPU.ActiveCfg = Debug|Any CPU
		{BD2DEB78-D59C-4230-B7DF-34885FFDA99E}.Debug|Any CPU.Build.0 = Debug|Any CPU
		{BD2DEB78-D59C-4230-B7DF-34885FFDA99E}.Release|Any CPU.ActiveCfg = Release|Any CPU
		{BD2DEB78-D59C-4230-B7DF-34885FFDA99E}.Release|Any CPU.Build.0 = Release|Any CPU
		{11F1DFE8-3644-4125-8660-208BB433F116}.Debug|Any CPU.ActiveCfg = Debug|Any CPU
		{11F1DFE8-3644-4125-8660-208BB433F116}.Debug|Any CPU.Build.0 = Debug|Any CPU
		{11F1DFE8-3644-4125-8660-208BB433F116}.Release|Any CPU.ActiveCfg = Release|Any CPU
		{11F1DFE8-3644-4125-8660-208BB433F116}.Release|Any CPU.Build.0 = Release|Any CPU
	EndGlobalSection
	GlobalSection(SolutionProperties) = preSolution
		HideSolutionNode = FALSE
	EndGlobalSection
	GlobalSection(ExtensibilityGlobals) = postSolution
		SolutionGuid = {24181051-8A98-49E0-96D2-58385E23253E}
	EndGlobalSection
EndGlobal
